// !$*UTF8*$!
{
	archiveVersion = 1;
	classes = {
	};
	objectVersion = 46;
	objects = {

/* Begin PBXBuildFile section */
		370B4FA61D0D615D000D12FF /* main.m in Sources */ = {isa = PBXBuildFile; fileRef = 370B4FA51D0D615D000D12FF /* main.m */; };
		370B4FA91D0D615D000D12FF /* AppDelegate.m in Sources */ = {isa = PBXBuildFile; fileRef = 370B4FA81D0D615D000D12FF /* AppDelegate.m */; };
		370B4FAC1D0D615D000D12FF /* ViewController.m in Sources */ = {isa = PBXBuildFile; fileRef = 370B4FAB1D0D615D000D12FF /* ViewController.m */; };
		370B4FAF1D0D615D000D12FF /* Main.storyboard in Resources */ = {isa = PBXBuildFile; fileRef = 370B4FAD1D0D615D000D12FF /* Main.storyboard */; };
		370B4FB11D0D615D000D12FF /* Assets.xcassets in Resources */ = {isa = PBXBuildFile; fileRef = 370B4FB01D0D615D000D12FF /* Assets.xcassets */; };
		370B4FB41D0D615D000D12FF /* LaunchScreen.storyboard in Resources */ = {isa = PBXBuildFile; fileRef = 370B4FB21D0D615D000D12FF /* LaunchScreen.storyboard */; };
		370B4FE51D0D61DF000D12FF /* JPCGBitmapContext.m in Sources */ = {isa = PBXBuildFile; fileRef = 370B4FC01D0D61DF000D12FF /* JPCGBitmapContext.m */; };
		370B4FE61D0D61DF000D12FF /* JPCGColor.m in Sources */ = {isa = PBXBuildFile; fileRef = 370B4FC21D0D61DF000D12FF /* JPCGColor.m */; };
		370B4FE71D0D61DF000D12FF /* JPCGContext.m in Sources */ = {isa = PBXBuildFile; fileRef = 370B4FC41D0D61DF000D12FF /* JPCGContext.m */; };
		370B4FE81D0D61DF000D12FF /* JPCGGeometry.m in Sources */ = {isa = PBXBuildFile; fileRef = 370B4FC61D0D61DF000D12FF /* JPCGGeometry.m */; };
		370B4FE91D0D61DF000D12FF /* JPCGImage.m in Sources */ = {isa = PBXBuildFile; fileRef = 370B4FC81D0D61DF000D12FF /* JPCGImage.m */; };
		370B4FEA1D0D61DF000D12FF /* JPCGPath.m in Sources */ = {isa = PBXBuildFile; fileRef = 370B4FCA1D0D61DF000D12FF /* JPCGPath.m */; };
		370B4FEB1D0D61DF000D12FF /* JPCGTransform.m in Sources */ = {isa = PBXBuildFile; fileRef = 370B4FCC1D0D61DF000D12FF /* JPCGTransform.m */; };
		370B4FEC1D0D61DF000D12FF /* JPCoreGraphics.m in Sources */ = {isa = PBXBuildFile; fileRef = 370B4FCE1D0D61DF000D12FF /* JPCoreGraphics.m */; };
		370B4FED1D0D61DF000D12FF /* JPCleaner.m in Sources */ = {isa = PBXBuildFile; fileRef = 370B4FD01D0D61DF000D12FF /* JPCleaner.m */; };
		370B4FEE1D0D61DF000D12FF /* JPLocker.m in Sources */ = {isa = PBXBuildFile; fileRef = 370B4FD21D0D61DF000D12FF /* JPLocker.m */; };
		370B4FEF1D0D61DF000D12FF /* JPMemory.m in Sources */ = {isa = PBXBuildFile; fileRef = 370B4FD41D0D61DF000D12FF /* JPMemory.m */; };
		370B4FF01D0D61DF000D12FF /* JPSpecialInit.m in Sources */ = {isa = PBXBuildFile; fileRef = 370B4FD61D0D61DF000D12FF /* JPSpecialInit.m */; };
		370B4FF11D0D61DF000D12FF /* JPStructPointer.m in Sources */ = {isa = PBXBuildFile; fileRef = 370B4FD81D0D61DF000D12FF /* JPStructPointer.m */; };
		370B4FF21D0D61DF000D12FF /* JPUIGeometry.m in Sources */ = {isa = PBXBuildFile; fileRef = 370B4FDB1D0D61DF000D12FF /* JPUIGeometry.m */; };
		370B4FF31D0D61DF000D12FF /* JPUIGraphics.m in Sources */ = {isa = PBXBuildFile; fileRef = 370B4FDD1D0D61DF000D12FF /* JPUIGraphics.m */; };
		370B4FF41D0D61DF000D12FF /* JPUIImage.m in Sources */ = {isa = PBXBuildFile; fileRef = 370B4FDF1D0D61DF000D12FF /* JPUIImage.m */; };
		370B4FF51D0D61DF000D12FF /* JPUIKit.m in Sources */ = {isa = PBXBuildFile; fileRef = 370B4FE11D0D61DF000D12FF /* JPUIKit.m */; };
		370B4FF61D0D61DF000D12FF /* JPEngine.m in Sources */ = {isa = PBXBuildFile; fileRef = 370B4FE31D0D61DF000D12FF /* JPEngine.m */; };
		370B4FF71D0D61DF000D12FF /* JSPatch.js in Resources */ = {isa = PBXBuildFile; fileRef = 370B4FE41D0D61DF000D12FF /* JSPatch.js */; };
		370B4FF91D0D621C000D12FF /* demo.js in Resources */ = {isa = PBXBuildFile; fileRef = 370B4FF81D0D621C000D12FF /* demo.js */; };
/* End PBXBuildFile section */

/* Begin PBXFileReference section */
		370B4FA11D0D615D000D12FF /* JSPatchDemo.app */ = {isa = PBXFileReference; explicitFileType = wrapper.application; includeInIndex = 0; path = JSPatchDemo.app; sourceTree = BUILT_PRODUCTS_DIR; };
		370B4FA51D0D615D000D12FF /* main.m */ = {isa = PBXFileReference; lastKnownFileType = sourcecode.c.objc; path = main.m; sourceTree = "<group>"; };
		370B4FA71D0D615D000D12FF /* AppDelegate.h */ = {isa = PBXFileReference; lastKnownFileType = sourcecode.c.h; path = AppDelegate.h; sourceTree = "<group>"; };
		370B4FA81D0D615D000D12FF /* AppDelegate.m */ = {isa = PBXFileReference; lastKnownFileType = sourcecode.c.objc; path = AppDelegate.m; sourceTree = "<group>"; };
		370B4FAA1D0D615D000D12FF /* ViewController.h */ = {isa = PBXFileReference; lastKnownFileType = sourcecode.c.h; path = ViewController.h; sourceTree = "<group>"; };
		370B4FAB1D0D615D000D12FF /* ViewController.m */ = {isa = PBXFileReference; lastKnownFileType = sourcecode.c.objc; path = ViewController.m; sourceTree = "<group>"; };
		370B4FAE1D0D615D000D12FF /* Base */ = {isa = PBXFileReference; lastKnownFileType = file.storyboard; name = Base; path = Base.lproj/Main.storyboard; sourceTree = "<group>"; };
		370B4FB01D0D615D000D12FF /* Assets.xcassets */ = {isa = PBXFileReference; lastKnownFileType = folder.assetcatalog; path = Assets.xcassets; sourceTree = "<group>"; };
		370B4FB31D0D615D000D12FF /* Base */ = {isa = PBXFileReference; lastKnownFileType = file.storyboard; name = Base; path = Base.lproj/LaunchScreen.storyboard; sourceTree = "<group>"; };
		370B4FB51D0D615D000D12FF /* Info.plist */ = {isa = PBXFileReference; lastKnownFileType = text.plist.xml; path = Info.plist; sourceTree = "<group>"; };
		370B4FBF1D0D61DF000D12FF /* JPCGBitmapContext.h */ = {isa = PBXFileReference; fileEncoding = 4; lastKnownFileType = sourcecode.c.h; path = JPCGBitmapContext.h; sourceTree = "<group>"; };
		370B4FC01D0D61DF000D12FF /* JPCGBitmapContext.m */ = {isa = PBXFileReference; fileEncoding = 4; lastKnownFileType = sourcecode.c.objc; path = JPCGBitmapContext.m; sourceTree = "<group>"; };
		370B4FC11D0D61DF000D12FF /* JPCGColor.h */ = {isa = PBXFileReference; fileEncoding = 4; lastKnownFileType = sourcecode.c.h; path = JPCGColor.h; sourceTree = "<group>"; };
		370B4FC21D0D61DF000D12FF /* JPCGColor.m */ = {isa = PBXFileReference; fileEncoding = 4; lastKnownFileType = sourcecode.c.objc; path = JPCGColor.m; sourceTree = "<group>"; };
		370B4FC31D0D61DF000D12FF /* JPCGContext.h */ = {isa = PBXFileReference; fileEncoding = 4; lastKnownFileType = sourcecode.c.h; path = JPCGContext.h; sourceTree = "<group>"; };
		370B4FC41D0D61DF000D12FF /* JPCGContext.m */ = {isa = PBXFileReference; fileEncoding = 4; lastKnownFileType = sourcecode.c.objc; path = JPCGContext.m; sourceTree = "<group>"; };
		370B4FC51D0D61DF000D12FF /* JPCGGeometry.h */ = {isa = PBXFileReference; fileEncoding = 4; lastKnownFileType = sourcecode.c.h; path = JPCGGeometry.h; sourceTree = "<group>"; };
		370B4FC61D0D61DF000D12FF /* JPCGGeometry.m */ = {isa = PBXFileReference; fileEncoding = 4; lastKnownFileType = sourcecode.c.objc; path = JPCGGeometry.m; sourceTree = "<group>"; };
		370B4FC71D0D61DF000D12FF /* JPCGImage.h */ = {isa = PBXFileReference; fileEncoding = 4; lastKnownFileType = sourcecode.c.h; path = JPCGImage.h; sourceTree = "<group>"; };
		370B4FC81D0D61DF000D12FF /* JPCGImage.m */ = {isa = PBXFileReference; fileEncoding = 4; lastKnownFileType = sourcecode.c.objc; path = JPCGImage.m; sourceTree = "<group>"; };
		370B4FC91D0D61DF000D12FF /* JPCGPath.h */ = {isa = PBXFileReference; fileEncoding = 4; lastKnownFileType = sourcecode.c.h; path = JPCGPath.h; sourceTree = "<group>"; };
		370B4FCA1D0D61DF000D12FF /* JPCGPath.m */ = {isa = PBXFileReference; fileEncoding = 4; lastKnownFileType = sourcecode.c.objc; path = JPCGPath.m; sourceTree = "<group>"; };
		370B4FCB1D0D61DF000D12FF /* JPCGTransform.h */ = {isa = PBXFileReference; fileEncoding = 4; lastKnownFileType = sourcecode.c.h; path = JPCGTransform.h; sourceTree = "<group>"; };
		370B4FCC1D0D61DF000D12FF /* JPCGTransform.m */ = {isa = PBXFileReference; fileEncoding = 4; lastKnownFileType = sourcecode.c.objc; path = JPCGTransform.m; sourceTree = "<group>"; };
		370B4FCD1D0D61DF000D12FF /* JPCoreGraphics.h */ = {isa = PBXFileReference; fileEncoding = 4; lastKnownFileType = sourcecode.c.h; path = JPCoreGraphics.h; sourceTree = "<group>"; };
		370B4FCE1D0D61DF000D12FF /* JPCoreGraphics.m */ = {isa = PBXFileReference; fileEncoding = 4; lastKnownFileType = sourcecode.c.objc; path = JPCoreGraphics.m; sourceTree = "<group>"; };
		370B4FCF1D0D61DF000D12FF /* JPCleaner.h */ = {isa = PBXFileReference; fileEncoding = 4; lastKnownFileType = sourcecode.c.h; path = JPCleaner.h; sourceTree = "<group>"; };
		370B4FD01D0D61DF000D12FF /* JPCleaner.m */ = {isa = PBXFileReference; fileEncoding = 4; lastKnownFileType = sourcecode.c.objc; path = JPCleaner.m; sourceTree = "<group>"; };
		370B4FD11D0D61DF000D12FF /* JPLocker.h */ = {isa = PBXFileReference; fileEncoding = 4; lastKnownFileType = sourcecode.c.h; path = JPLocker.h; sourceTree = "<group>"; };
		370B4FD21D0D61DF000D12FF /* JPLocker.m */ = {isa = PBXFileReference; fileEncoding = 4; lastKnownFileType = sourcecode.c.objc; path = JPLocker.m; sourceTree = "<group>"; };
		370B4FD31D0D61DF000D12FF /* JPMemory.h */ = {isa = PBXFileReference; fileEncoding = 4; lastKnownFileType = sourcecode.c.h; path = JPMemory.h; sourceTree = "<group>"; };
		370B4FD41D0D61DF000D12FF /* JPMemory.m */ = {isa = PBXFileReference; fileEncoding = 4; lastKnownFileType = sourcecode.c.objc; path = JPMemory.m; sourceTree = "<group>"; };
		370B4FD51D0D61DF000D12FF /* JPSpecialInit.h */ = {isa = PBXFileReference; fileEncoding = 4; lastKnownFileType = sourcecode.c.h; path = JPSpecialInit.h; sourceTree = "<group>"; };
		370B4FD61D0D61DF000D12FF /* JPSpecialInit.m */ = {isa = PBXFileReference; fileEncoding = 4; lastKnownFileType = sourcecode.c.objc; path = JPSpecialInit.m; sourceTree = "<group>"; };
		370B4FD71D0D61DF000D12FF /* JPStructPointer.h */ = {isa = PBXFileReference; fileEncoding = 4; lastKnownFileType = sourcecode.c.h; path = JPStructPointer.h; sourceTree = "<group>"; };
		370B4FD81D0D61DF000D12FF /* JPStructPointer.m */ = {isa = PBXFileReference; fileEncoding = 4; lastKnownFileType = sourcecode.c.objc; path = JPStructPointer.m; sourceTree = "<group>"; };
		370B4FDA1D0D61DF000D12FF /* JPUIGeometry.h */ = {isa = PBXFileReference; fileEncoding = 4; lastKnownFileType = sourcecode.c.h; path = JPUIGeometry.h; sourceTree = "<group>"; };
		370B4FDB1D0D61DF000D12FF /* JPUIGeometry.m */ = {isa = PBXFileReference; fileEncoding = 4; lastKnownFileType = sourcecode.c.objc; path = JPUIGeometry.m; sourceTree = "<group>"; };
		370B4FDC1D0D61DF000D12FF /* JPUIGraphics.h */ = {isa = PBXFileReference; fileEncoding = 4; lastKnownFileType = sourcecode.c.h; path = JPUIGraphics.h; sourceTree = "<group>"; };
		370B4FDD1D0D61DF000D12FF /* JPUIGraphics.m */ = {isa = PBXFileReference; fileEncoding = 4; lastKnownFileType = sourcecode.c.objc; path = JPUIGraphics.m; sourceTree = "<group>"; };
		370B4FDE1D0D61DF000D12FF /* JPUIImage.h */ = {isa = PBXFileReference; fileEncoding = 4; lastKnownFileType = sourcecode.c.h; path = JPUIImage.h; sourceTree = "<group>"; };
		370B4FDF1D0D61DF000D12FF /* JPUIImage.m */ = {isa = PBXFileReference; fileEncoding = 4; lastKnownFileType = sourcecode.c.objc; path = JPUIImage.m; sourceTree = "<group>"; };
		370B4FE01D0D61DF000D12FF /* JPUIKit.h */ = {isa = PBXFileReference; fileEncoding = 4; lastKnownFileType = sourcecode.c.h; path = JPUIKit.h; sourceTree = "<group>"; };
		370B4FE11D0D61DF000D12FF /* JPUIKit.m */ = {isa = PBXFileReference; fileEncoding = 4; lastKnownFileType = sourcecode.c.objc; path = JPUIKit.m; sourceTree = "<group>"; };
		370B4FE21D0D61DF000D12FF /* JPEngine.h */ = {isa = PBXFileReference; fileEncoding = 4; lastKnownFileType = sourcecode.c.h; path = JPEngine.h; sourceTree = "<group>"; };
		370B4FE31D0D61DF000D12FF /* JPEngine.m */ = {isa = PBXFileReference; fileEncoding = 4; lastKnownFileType = sourcecode.c.objc; path = JPEngine.m; sourceTree = "<group>"; };
		370B4FE41D0D61DF000D12FF /* JSPatch.js */ = {isa = PBXFileReference; fileEncoding = 4; lastKnownFileType = sourcecode.javascript; path = JSPatch.js; sourceTree = "<group>"; };
		370B4FF81D0D621C000D12FF /* demo.js */ = {isa = PBXFileReference; fileEncoding = 4; lastKnownFileType = sourcecode.javascript; path = demo.js; sourceTree = "<group>"; };
/* End PBXFileReference section */

/* Begin PBXFrameworksBuildPhase section */
		370B4F9E1D0D615D000D12FF /* Frameworks */ = {
			isa = PBXFrameworksBuildPhase;
			buildActionMask = 2147483647;
			files = (
			);
			runOnlyForDeploymentPostprocessing = 0;
		};
/* End PBXFrameworksBuildPhase section */

/* Begin PBXGroup section */
		370B4F981D0D615D000D12FF = {
			isa = PBXGroup;
			children = (
				370B4FBB1D0D616B000D12FF /* Frameworks */,
				370B4FA31D0D615D000D12FF /* JSPatchDemo */,
				370B4FA21D0D615D000D12FF /* Products */,
			);
			sourceTree = "<group>";
		};
		370B4FA21D0D615D000D12FF /* Products */ = {
			isa = PBXGroup;
			children = (
				370B4FA11D0D615D000D12FF /* JSPatchDemo.app */,
			);
			name = Products;
			sourceTree = "<group>";
		};
		370B4FA31D0D615D000D12FF /* JSPatchDemo */ = {
			isa = PBXGroup;
			children = (
				370B4FA71D0D615D000D12FF /* AppDelegate.h */,
				370B4FA81D0D615D000D12FF /* AppDelegate.m */,
				370B4FAA1D0D615D000D12FF /* ViewController.h */,
				370B4FAB1D0D615D000D12FF /* ViewController.m */,
				370B4FAD1D0D615D000D12FF /* Main.storyboard */,
				370B4FF81D0D621C000D12FF /* demo.js */,
				370B4FBC1D0D61DF000D12FF /* JSPatch */,
				370B4FB01D0D615D000D12FF /* Assets.xcassets */,
				370B4FB21D0D615D000D12FF /* LaunchScreen.storyboard */,
				370B4FB51D0D615D000D12FF /* Info.plist */,
				370B4FA41D0D615D000D12FF /* Supporting Files */,
			);
			path = JSPatchDemo;
			sourceTree = "<group>";
		};
		370B4FA41D0D615D000D12FF /* Supporting Files */ = {
			isa = PBXGroup;
			children = (
				370B4FA51D0D615D000D12FF /* main.m */,
			);
			name = "Supporting Files";
			sourceTree = "<group>";
		};
		370B4FBB1D0D616B000D12FF /* Frameworks */ = {
			isa = PBXGroup;
			children = (
			);
			name = Frameworks;
			sourceTree = "<group>";
		};
		370B4FBC1D0D61DF000D12FF /* JSPatch */ = {
			isa = PBXGroup;
			children = (
				370B4FBD1D0D61DF000D12FF /* Extensions */,
				370B4FE21D0D61DF000D12FF /* JPEngine.h */,
				370B4FE31D0D61DF000D12FF /* JPEngine.m */,
				370B4FE41D0D61DF000D12FF /* JSPatch.js */,
			);
			path = JSPatch;
			sourceTree = "<group>";
		};
		370B4FBD1D0D61DF000D12FF /* Extensions */ = {
			isa = PBXGroup;
			children = (
				370B4FBE1D0D61DF000D12FF /* CoreGraphics */,
				370B4FCF1D0D61DF000D12FF /* JPCleaner.h */,
				370B4FD01D0D61DF000D12FF /* JPCleaner.m */,
				370B4FD11D0D61DF000D12FF /* JPLocker.h */,
				370B4FD21D0D61DF000D12FF /* JPLocker.m */,
				370B4FD31D0D61DF000D12FF /* JPMemory.h */,
				370B4FD41D0D61DF000D12FF /* JPMemory.m */,
				370B4FD51D0D61DF000D12FF /* JPSpecialInit.h */,
				370B4FD61D0D61DF000D12FF /* JPSpecialInit.m */,
				370B4FD71D0D61DF000D12FF /* JPStructPointer.h */,
				370B4FD81D0D61DF000D12FF /* JPStructPointer.m */,
				370B4FD91D0D61DF000D12FF /* UIKit */,
			);
			path = Extensions;
			sourceTree = "<group>";
		};
		370B4FBE1D0D61DF000D12FF /* CoreGraphics */ = {
			isa = PBXGroup;
			children = (
				370B4FBF1D0D61DF000D12FF /* JPCGBitmapContext.h */,
				370B4FC01D0D61DF000D12FF /* JPCGBitmapContext.m */,
				370B4FC11D0D61DF000D12FF /* JPCGColor.h */,
				370B4FC21D0D61DF000D12FF /* JPCGColor.m */,
				370B4FC31D0D61DF000D12FF /* JPCGContext.h */,
				370B4FC41D0D61DF000D12FF /* JPCGContext.m */,
				370B4FC51D0D61DF000D12FF /* JPCGGeometry.h */,
				370B4FC61D0D61DF000D12FF /* JPCGGeometry.m */,
				370B4FC71D0D61DF000D12FF /* JPCGImage.h */,
				370B4FC81D0D61DF000D12FF /* JPCGImage.m */,
				370B4FC91D0D61DF000D12FF /* JPCGPath.h */,
				370B4FCA1D0D61DF000D12FF /* JPCGPath.m */,
				370B4FCB1D0D61DF000D12FF /* JPCGTransform.h */,
				370B4FCC1D0D61DF000D12FF /* JPCGTransform.m */,
				370B4FCD1D0D61DF000D12FF /* JPCoreGraphics.h */,
				370B4FCE1D0D61DF000D12FF /* JPCoreGraphics.m */,
			);
			path = CoreGraphics;
			sourceTree = "<group>";
		};
		370B4FD91D0D61DF000D12FF /* UIKit */ = {
			isa = PBXGroup;
			children = (
				370B4FDA1D0D61DF000D12FF /* JPUIGeometry.h */,
				370B4FDB1D0D61DF000D12FF /* JPUIGeometry.m */,
				370B4FDC1D0D61DF000D12FF /* JPUIGraphics.h */,
				370B4FDD1D0D61DF000D12FF /* JPUIGraphics.m */,
				370B4FDE1D0D61DF000D12FF /* JPUIImage.h */,
				370B4FDF1D0D61DF000D12FF /* JPUIImage.m */,
				370B4FE01D0D61DF000D12FF /* JPUIKit.h */,
				370B4FE11D0D61DF000D12FF /* JPUIKit.m */,
			);
			path = UIKit;
			sourceTree = "<group>";
		};
/* End PBXGroup section */

/* Begin PBXNativeTarget section */
		370B4FA01D0D615D000D12FF /* JSPatchDemo */ = {
			isa = PBXNativeTarget;
			buildConfigurationList = 370B4FB81D0D615D000D12FF /* Build configuration list for PBXNativeTarget "JSPatchDemo" */;
			buildPhases = (
				370B4F9D1D0D615D000D12FF /* Sources */,
				370B4F9E1D0D615D000D12FF /* Frameworks */,
				370B4F9F1D0D615D000D12FF /* Resources */,
			);
			buildRules = (
			);
			dependencies = (
			);
			name = JSPatchDemo;
			productName = JSPatchDemo;
			productReference = 370B4FA11D0D615D000D12FF /* JSPatchDemo.app */;
			productType = "com.apple.product-type.application";
		};
/* End PBXNativeTarget section */

/* Begin PBXProject section */
		370B4F991D0D615D000D12FF /* Project object */ = {
			isa = PBXProject;
			attributes = {
				LastUpgradeCheck = 0730;
				ORGANIZATIONNAME = fengzifeng;
				TargetAttributes = {
					370B4FA01D0D615D000D12FF = {
						CreatedOnToolsVersion = 7.3;
					};
				};
			};
			buildConfigurationList = 370B4F9C1D0D615D000D12FF /* Build configuration list for PBXProject "JSPatchDemo" */;
			compatibilityVersion = "Xcode 3.2";
			developmentRegion = English;
			hasScannedForEncodings = 0;
			knownRegions = (
				en,
				Base,
			);
			mainGroup = 370B4F981D0D615D000D12FF;
			productRefGroup = 370B4FA21D0D615D000D12FF /* Products */;
			projectDirPath = "";
			projectRoot = "";
			targets = (
				370B4FA01D0D615D000D12FF /* JSPatchDemo */,
			);
		};
/* End PBXProject section */

/* Begin PBXResourcesBuildPhase section */
		370B4F9F1D0D615D000D12FF /* Resources */ = {
			isa = PBXResourcesBuildPhase;
			buildActionMask = 2147483647;
			files = (
				370B4FF91D0D621C000D12FF /* demo.js in Resources */,
				370B4FB41D0D615D000D12FF /* LaunchScreen.storyboard in Resources */,
				370B4FB11D0D615D000D12FF /* Assets.xcassets in Resources */,
				370B4FF71D0D61DF000D12FF /* JSPatch.js in Resources */,
				370B4FAF1D0D615D000D12FF /* Main.storyboard in Resources */,
			);
			runOnlyForDeploymentPostprocessing = 0;
		};
/* End PBXResourcesBuildPhase section */

/* Begin PBXSourcesBuildPhase section */
		370B4F9D1D0D615D000D12FF /* Sources */ = {
			isa = PBXSourcesBuildPhase;
			buildActionMask = 2147483647;
			files = (
				370B4FF61D0D61DF000D12FF /* JPEngine.m in Sources */,
				370B4FEA1D0D61DF000D12FF /* JPCGPath.m in Sources */,
				370B4FEE1D0D61DF000D12FF /* JPLocker.m in Sources */,
				370B4FF21D0D61DF000D12FF /* JPUIGeometry.m in Sources */,
				370B4FE61D0D61DF000D12FF /* JPCGColor.m in Sources */,
				370B4FF51D0D61DF000D12FF /* JPUIKit.m in Sources */,
				370B4FF01D0D61DF000D12FF /* JPSpecialInit.m in Sources */,
				370B4FED1D0D61DF000D12FF /* JPCleaner.m in Sources */,
				370B4FE51D0D61DF000D12FF /* JPCGBitmapContext.m in Sources */,
				370B4FAC1D0D615D000D12FF /* ViewController.m in Sources */,
				370B4FF31D0D61DF000D12FF /* JPUIGraphics.m in Sources */,
				370B4FEF1D0D61DF000D12FF /* JPMemory.m in Sources */,
				370B4FEB1D0D61DF000D12FF /* JPCGTransform.m in Sources */,
				370B4FE81D0D61DF000D12FF /* JPCGGeometry.m in Sources */,
				370B4FEC1D0D61DF000D12FF /* JPCoreGraphics.m in Sources */,
				370B4FA91D0D615D000D12FF /* AppDelegate.m in Sources */,
				370B4FF11D0D61DF000D12FF /* JPStructPointer.m in Sources */,
				370B4FE91D0D61DF000D12FF /* JPCGImage.m in Sources */,
				370B4FA61D0D615D000D12FF /* main.m in Sources */,
				370B4FE71D0D61DF000D12FF /* JPCGContext.m in Sources */,
				370B4FF41D0D61DF000D12FF /* JPUIImage.m in Sources */,
			);
			runOnlyForDeploymentPostprocessing = 0;
		};
/* End PBXSourcesBuildPhase section */

/* Begin PBXVariantGroup section */
		370B4FAD1D0D615D000D12FF /* Main.storyboard */ = {
			isa = PBXVariantGroup;
			children = (
				370B4FAE1D0D615D000D12FF /* Base */,
			);
			name = Main.storyboard;
			sourceTree = "<group>";
		};
		370B4FB21D0D615D000D12FF /* LaunchScreen.storyboard */ = {
			isa = PBXVariantGroup;
			children = (
				370B4FB31D0D615D000D12FF /* Base */,
			);
			name = LaunchScreen.storyboard;
			sourceTree = "<group>";
		};
/* End PBXVariantGroup section */

/* Begin XCBuildConfiguration section */
		370B4FB61D0D615D000D12FF /* Debug */ = {
			isa = XCBuildConfiguration;
			buildSettings = {
				ALWAYS_SEARCH_USER_PATHS = NO;
				CLANG_ANALYZER_NONNULL = YES;
				CLANG_CXX_LANGUAGE_STANDARD = "gnu++0x";
				CLANG_CXX_LIBRARY = "libc++";
				CLANG_ENABLE_MODULES = YES;
				CLANG_ENABLE_OBJC_ARC = YES;
				CLANG_WARN_BOOL_CONVERSION = YES;
				CLANG_WARN_CONSTANT_CONVERSION = YES;
				CLANG_WARN_DIRECT_OBJC_ISA_USAGE = YES_ERROR;
				CLANG_WARN_EMPTY_BODY = YES;
				CLANG_WARN_ENUM_CONVERSION = YES;
				CLANG_WARN_INT_CONVERSION = YES;
				CLANG_WARN_OBJC_ROOT_CLASS = YES_ERROR;
				CLANG_WARN_UNREACHABLE_CODE = YES;
				CLANG_WARN__DUPLICATE_METHOD_MATCH = YES;
				"CODE_SIGN_IDENTITY[sdk=iphoneos*]" = "iPhone Developer";
				COPY_PHASE_STRIP = NO;
				DEBUG_INFORMATION_FORMAT = dwarf;
				ENABLE_STRICT_OBJC_MSGSEND = YES;
				ENABLE_TESTABILITY = YES;
				GCC_C_LANGUAGE_STANDARD = gnu99;
				GCC_DYNAMIC_NO_PIC = NO;
				GCC_NO_COMMON_BLOCKS = YES;
				GCC_OPTIMIZATION_LEVEL = 0;
				GCC_PREPROCESSOR_DEFINITIONS = (
					"DEBUG=1",
					"$(inherited)",
				);
				GCC_WARN_64_TO_32_BIT_CONVERSION = YES;
				GCC_WARN_ABOUT_RETURN_TYPE = YES_ERROR;
				GCC_WARN_UNDECLARED_SELECTOR = YES;
				GCC_WARN_UNINITIALIZED_AUTOS = YES_AGGRESSIVE;
				GCC_WARN_UNUSED_FUNCTION = YES;
				GCC_WARN_UNUSED_VARIABLE = YES;
				IPHONEOS_DEPLOYMENT_TARGET = 9.3;
				MTL_ENABLE_DEBUG_INFO = YES;
				ONLY_ACTIVE_ARCH = YES;
				SDKROOT = iphoneos;
				TARGETED_DEVICE_FAMILY = "1,2";
			};
			name = Debug;
		};
		370B4FB71D0D615D000D12FF /* Release */ = {
			isa = XCBuildConfiguration;
			buildSettings = {
				ALWAYS_SEARCH_USER_PATHS = NO;
				CLANG_ANALYZER_NONNULL = YES;
				CLANG_CXX_LANGUAGE_STANDARD = "gnu++0x";
				CLANG_CXX_LIBRARY = "libc++";
				CLANG_ENABLE_MODULES = YES;
				CLANG_ENABLE_OBJC_ARC = YES;
				CLANG_WARN_BOOL_CONVERSION = YES;
				CLANG_WARN_CONSTANT_CONVERSION = YES;
				CLANG_WARN_DIRECT_OBJC_ISA_USAGE = YES_ERROR;
				CLANG_WARN_EMPTY_BODY = YES;
				CLANG_WARN_ENUM_CONVERSION = YES;
				CLANG_WARN_INT_CONVERSION = YES;
				CLANG_WARN_OBJC_ROOT_CLASS = YES_ERROR;
				CLANG_WARN_UNREACHABLE_CODE = YES;
				CLANG_WARN__DUPLICATE_METHOD_MATCH = YES;
				"CODE_SIGN_IDENTITY[sdk=iphoneos*]" = "iPhone Developer";
				COPY_PHASE_STRIP = NO;
				DEBUG_INFORMATION_FORMAT = "dwarf-with-dsym";
				ENABLE_NS_ASSERTIONS = NO;
				ENABLE_STRICT_OBJC_MSGSEND = YES;
				GCC_C_LANGUAGE_STANDARD = gnu99;
				GCC_NO_COMMON_BLOCKS = YES;
				GCC_WARN_64_TO_32_BIT_CONVERSION = YES;
				GCC_WARN_ABOUT_RETURN_TYPE = YES_ERROR;
				GCC_WARN_UNDECLARED_SELECTOR = YES;
				GCC_WARN_UNINITIALIZED_AUTOS = YES_AGGRESSIVE;
				GCC_WARN_UNUSED_FUNCTION = YES;
				GCC_WARN_UNUSED_VARIABLE = YES;
				IPHONEOS_DEPLOYMENT_TARGET = 9.3;
				MTL_ENABLE_DEBUG_INFO = NO;
				SDKROOT = iphoneos;
				TARGETED_DEVICE_FAMILY = "1,2";
				VALIDATE_PRODUCT = YES;
			};
			name = Release;
		};
		370B4FB91D0D615D000D12FF /* Debug */ = {
			isa = XCBuildConfiguration;
			buildSettings = {
				ASSETCATALOG_COMPILER_APPICON_NAME = AppIcon;
				INFOPLIST_FILE = JSPatchDemo/Info.plist;
				LD_RUNPATH_SEARCH_PATHS = "$(inherited) @executable_path/Frameworks";
				PRODUCT_BUNDLE_IDENTIFIER = "-8.com.JSPatchDemo";
				PRODUCT_NAME = "$(TARGET_NAME)";
			};
			name = Debug;
		};
		370B4FBA1D0D615D000D12FF /* Release */ = {
			isa = XCBuildConfiguration;
			buildSettings = {
				ASSETCATALOG_COMPILER_APPICON_NAME = AppIcon;
				INFOPLIST_FILE = JSPatchDemo/Info.plist;
				LD_RUNPATH_SEARCH_PATHS = "$(inherited) @executable_path/Frameworks";
				PRODUCT_BUNDLE_IDENTIFIER = "-8.com.JSPatchDemo";
				PRODUCT_NAME = "$(TARGET_NAME)";
			};
			name = Release;
		};
/* End XCBuildConfiguration section */

/* Begin XCConfigurationList section */
		370B4F9C1D0D615D000D12FF /* Build configuration list for PBXProject "JSPatchDemo" */ = {
			isa = XCConfigurationList;
			buildConfigurations = (
				370B4FB61D0D615D000D12FF /* Debug */,
				370B4FB71D0D615D000D12FF /* Release */,
			);
			defaultConfigurationIsVisible = 0;
			defaultConfigurationName = Release;
		};
		370B4FB81D0D615D000D12FF /* Build configuration list for PBXNativeTarget "JSPatchDemo" */ = {
			isa = XCConfigurationList;
			buildConfigurations = (
				370B4FB91D0D615D000D12FF /* Debug */,
				370B4FBA1D0D615D000D12FF /* Release */,
			);
			defaultConfigurationIsVisible = 0;
		};
/* End XCConfigurationList section */
	};
	rootObject = 370B4F991D0D615D000D12FF /* Project object */;
}
